
Microsoft Visual Studio Solution File, Format Version 12.00
# Visual Studio Version 16
VisualStudioVersion = 16.0.31624.102
MinimumVisualStudioVersion = 10.0.40219.1
Project("{FAE04EC0-301F-11D3-BF4B-00C04F79EFBC}") = "UniversalChams", "UniversalChams\UniversalChams.csproj", "{38ECB7DB-0F0A-4D51-B16B-169D6CB57353}"
EndProject
Global
	GlobalSection(SolutionConfigurationPlatforms) = preSolution
		Debug|Any CPU = Debug|Any CPU
		Release|Any CPU = Release|Any CPU
	EndGlobalSection
	GlobalSection(ProjectConfigurationPlatforms) = postSolution
		{38ECB7DB-0F0A-4D51-B16B-169D6CB57353}.Debug|Any CPU.ActiveCfg = Debug|Any CPU
		{38ECB7DB-0F0A-4D51-B16B-169D6CB57353}.Debug|Any CPU.Build.0 = Debug|Any CPU
		{38ECB7DB-0F0A-4D51-B16B-169D6CB57353}.Release|Any CPU.ActiveCfg = Release|Any CPU
		{38ECB7DB-0F0A-4D51-B16B-169D6CB57353}.Release|Any CPU.Build.0 = Release|Any CPU
	EndGlobalSection
	GlobalSection(SolutionProperties) = preSolution
		HideSolutionNode = FALSE
	EndGlobalSection
	GlobalSection(ExtensibilityGlobals) = postSolution
		SolutionGuid = {C9422211-B68E-4942-8ED2-74D971586C9E}
	EndGlobalSection
EndGlobal
